// !$*UTF8*$!
{
	archiveVersion = 1;
	classes = {
	};
	objectVersion = 50;
	objects = {

/* Begin PBXBuildFile section */
		2227AC5F24B9799E0057C207 /* AppDelegate.swift in Sources */ = {isa = PBXBuildFile; fileRef = 2227AC5E24B9799E0057C207 /* AppDelegate.swift */; };
		2227AC6124B9799E0057C207 /* SceneDelegate.swift in Sources */ = {isa = PBXBuildFile; fileRef = 2227AC6024B9799E0057C207 /* SceneDelegate.swift */; };
		2227AC6324B9799E0057C207 /* ContentView.swift in Sources */ = {isa = PBXBuildFile; fileRef = 2227AC6224B9799E0057C207 /* ContentView.swift */; };
		2227AC6524B979A20057C207 /* Assets.xcassets in Resources */ = {isa = PBXBuildFile; fileRef = 2227AC6424B979A20057C207 /* Assets.xcassets */; };
		2227AC6824B979A20057C207 /* Preview Assets.xcassets in Resources */ = {isa = PBXBuildFile; fileRef = 2227AC6724B979A20057C207 /* Preview Assets.xcassets */; };
		2227AC6B24B979A20057C207 /* LaunchScreen.storyboard in Resources */ = {isa = PBXBuildFile; fileRef = 2227AC6924B979A20057C207 /* LaunchScreen.storyboard */; };
/* End PBXBuildFile section */

/* Begin PBXFileReference section */
		2227AC5B24B9799E0057C207 /* BirdUI.app */ = {isa = PBXFileReference; explicitFileType = wrapper.application; includeInIndex = 0; path = BirdUI.app; sourceTree = BUILT_PRODUCTS_DIR; };
		2227AC5E24B9799E0057C207 /* AppDelegate.swift */ = {isa = PBXFileReference; lastKnownFileType = sourcecode.swift; path = AppDelegate.swift; sourceTree = "<group>"; };
		2227AC6024B9799E0057C207 /* SceneDelegate.swift */ = {isa = PBXFileReference; lastKnownFileType = sourcecode.swift; path = SceneDelegate.swift; sourceTree = "<group>"; };
		2227AC6224B9799E0057C207 /* ContentView.swift */ = {isa = PBXFileReference; lastKnownFileType = sourcecode.swift; path = ContentView.swift; sourceTree = "<group>"; };
		2227AC6424B979A20057C207 /* Assets.xcassets */ = {isa = PBXFileReference; lastKnownFileType = folder.assetcatalog; path = Assets.xcassets; sourceTree = "<group>"; };
		2227AC6724B979A20057C207 /* Preview Assets.xcassets */ = {isa = PBXFileReference; lastKnownFileType = folder.assetcatalog; path = "Preview Assets.xcassets"; sourceTree = "<group>"; };
		2227AC6A24B979A20057C207 /* Base */ = {isa = PBXFileReference; lastKnownFileType = file.storyboard; name = Base; path = Base.lproj/LaunchScreen.storyboard; sourceTree = "<group>"; };
		2227AC6C24B979A20057C207 /* Info.plist */ = {isa = PBXFileReference; lastKnownFileType = text.plist.xml; path = Info.plist; sourceTree = "<group>"; };
/* End PBXFileReference section */

/* Begin PBXFrameworksBuildPhase section */
		2227AC5824B9799E0057C207 /* Frameworks */ = {
			isa = PBXFrameworksBuildPhase;
			buildActionMask = 2147483647;
			files = (
			);
			runOnlyForDeploymentPostprocessing = 0;
		};
/* End PBXFrameworksBuildPhase section */

/* Begin PBXGroup section */
		2227AC5224B9799E0057C207 = {
			isa = PBXGroup;
			children = (
				2227AC5D24B9799E0057C207 /* BirdUI */,
				2227AC5C24B9799E0057C207 /* Products */,
			);
			sourceTree = "<group>";
		};
		2227AC5C24B9799E0057C207 /* Products */ = {
			isa = PBXGroup;
			children = (
				2227AC5B24B9799E0057C207 /* BirdUI.app */,
			);
			name = Products;
			sourceTree = "<group>";
		};
		2227AC5D24B9799E0057C207 /* BirdUI */ = {
			isa = PBXGroup;
			children = (
				2227AC5E24B9799E0057C207 /* AppDelegate.swift */,
				2227AC6024B9799E0057C207 /* SceneDelegate.swift */,
				2227AC6224B9799E0057C207 /* ContentView.swift */,
				2227AC6424B979A20057C207 /* Assets.xcassets */,
				2227AC6924B979A20057C207 /* LaunchScreen.storyboard */,
				2227AC6C24B979A20057C207 /* Info.plist */,
				2227AC6624B979A20057C207 /* Preview Content */,
			);
			path = BirdUI;
			sourceTree = "<group>";
		};
		2227AC6624B979A20057C207 /* Preview Content */ = {
			isa = PBXGroup;
			children = (
				2227AC6724B979A20057C207 /* Preview Assets.xcassets */,
			);
			path = "Preview Content";
			sourceTree = "<group>";
		};
/* End PBXGroup section */

/* Begin PBXNativeTarget section */
		2227AC5A24B9799E0057C207 /* BirdUI */ = {
			isa = PBXNativeTarget;
			buildConfigurationList = 2227AC6F24B979A30057C207 /* Build configuration list for PBXNativeTarget "BirdUI" */;
			buildPhases = (
				2227AC5724B9799E0057C207 /* Sources */,
				2227AC5824B9799E0057C207 /* Frameworks */,
				2227AC5924B9799E0057C207 /* Resources */,
			);
			buildRules = (
			);
			dependencies = (
			);
			name = BirdUI;
			productName = BirdUI;
			productReference = 2227AC5B24B9799E0057C207 /* BirdUI.app */;
			productType = "com.apple.product-type.application";
		};
/* End PBXNativeTarget section */

/* Begin PBXProject section */
		2227AC5324B9799E0057C207 /* Project object */ = {
			isa = PBXProject;
			attributes = {
				LastSwiftUpdateCheck = 1150;
				LastUpgradeCheck = 1150;
				ORGANIZATIONNAME = "Andrés Carrillo";
				TargetAttributes = {
					2227AC5A24B9799E0057C207 = {
						CreatedOnToolsVersion = 11.5;
					};
				};
			};
			buildConfigurationList = 2227AC5624B9799E0057C207 /* Build configuration list for PBXProject "BirdUI" */;
			compatibilityVersion = "Xcode 9.3";
			developmentRegion = en;
			hasScannedForEncodings = 0;
			knownRegions = (
				en,
				Base,
			);
			mainGroup = 2227AC5224B9799E0057C207;
			productRefGroup = 2227AC5C24B9799E0057C207 /* Products */;
			projectDirPath = "";
			projectRoot = "";
			targets = (
				2227AC5A24B9799E0057C207 /* BirdUI */,
			);
		};
/* End PBXProject section */

/* Begin PBXResourcesBuildPhase section */
		2227AC5924B9799E0057C207 /* Resources */ = {
			isa = PBXResourcesBuildPhase;
			buildActionMask = 2147483647;
			files = (
				2227AC6B24B979A20057C207 /* LaunchScreen.storyboard in Resources */,
				2227AC6824B979A20057C207 /* Preview Assets.xcassets in Resources */,
				2227AC6524B979A20057C207 /* Assets.xcassets in Resources */,
			);
			runOnlyForDeploymentPostprocessing = 0;
		};
/* End PBXResourcesBuildPhase section */

/* Begin PBXSourcesBuildPhase section */
		2227AC5724B9799E0057C207 /* Sources */ = {
			isa = PBXSourcesBuildPhase;
			buildActionMask = 2147483647;
			files = (
				2227AC5F24B9799E0057C207 /* AppDelegate.swift in Sources */,
				2227AC6124B9799E0057C207 /* SceneDelegate.swift in Sources */,
				2227AC6324B9799E0057C207 /* ContentView.swift in Sources */,
			);
			runOnlyForDeploymentPostprocessing = 0;
		};
/* End PBXSourcesBuildPhase section */

/* Begin PBXVariantGroup section */
		2227AC6924B979A20057C207 /* LaunchScreen.storyboard */ = {
			isa = PBXVariantGroup;
			children = (
				2227AC6A24B979A20057C207 /* Base */,
			);
			name = LaunchScreen.storyboard;
			sourceTree = "<group>";
		};
/* End PBXVariantGroup section */

/* Begin XCBuildConfiguration section */
		2227AC6D24B979A20057C207 /* Debug */ = {
			isa = XCBuildConfiguration;
			buildSettings = {
				ALWAYS_SEARCH_USER_PATHS = NO;
				CLANG_ANALYZER_NONNULL = YES;
				CLANG_ANALYZER_NUMBER_OBJECT_CONVERSION = YES_AGGRESSIVE;
				CLANG_CXX_LANGUAGE_STANDARD = "gnu++14";
				CLANG_CXX_LIBRARY = "libc++";
				CLANG_ENABLE_MODULES = YES;
				CLANG_ENABLE_OBJC_ARC = YES;
				CLANG_ENABLE_OBJC_WEAK = YES;
				CLANG_WARN_BLOCK_CAPTURE_AUTORELEASING = YES;
				CLANG_WARN_BOOL_CONVERSION = YES;
				CLANG_WARN_COMMA = YES;
				CLANG_WARN_CONSTANT_CONVERSION = YES;
				CLANG_WARN_DEPRECATED_OBJC_IMPLEMENTATIONS = YES;
				CLANG_WARN_DIRECT_OBJC_ISA_USAGE = YES_ERROR;
				CLANG_WARN_DOCUMENTATION_COMMENTS = YES;
				CLANG_WARN_EMPTY_BODY = YES;
				CLANG_WARN_ENUM_CONVERSION = YES;
				CLANG_WARN_INFINITE_RECURSION = YES;
				CLANG_WARN_INT_CONVERSION = YES;
				CLANG_WARN_NON_LITERAL_NULL_CONVERSION = YES;
				CLANG_WARN_OBJC_IMPLICIT_RETAIN_SELF = YES;
				CLANG_WARN_OBJC_LITERAL_CONVERSION = YES;
				CLANG_WARN_OBJC_ROOT_CLASS = YES_ERROR;
				CLANG_WARN_RANGE_LOOP_ANALYSIS = YES;
				CLANG_WARN_STRICT_PROTOTYPES = YES;
				CLANG_WARN_SUSPICIOUS_MOVE = YES;
				CLANG_WARN_UNGUARDED_AVAILABILITY = YES_AGGRESSIVE;
				CLANG_WARN_UNREACHABLE_CODE = YES;
				CLANG_WARN__DUPLICATE_METHOD_MATCH = YES;
				COPY_PHASE_STRIP = NO;
				DEBUG_INFORMATION_FORMAT = dwarf;
				ENABLE_STRICT_OBJC_MSGSEND = YES;
				ENABLE_TESTABILITY = YES;
				GCC_C_LANGUAGE_STANDARD = gnu11;
				GCC_DYNAMIC_NO_PIC = NO;
				GCC_NO_COMMON_BLOCKS = YES;
				GCC_OPTIMIZATION_LEVEL = 0;
				GCC_PREPROCESSOR_DEFINITIONS = (
					"DEBUG=1",
					"$(inherited)",
				);
				GCC_WARN_64_TO_32_BIT_CONVERSION = YES;
				GCC_WARN_ABOUT_RETURN_TYPE = YES_ERROR;
				GCC_WARN_UNDECLARED_SELECTOR = YES;
				GCC_WARN_UNINITIALIZED_AUTOS = YES_AGGRESSIVE;
				GCC_WARN_UNUSED_FUNCTION = YES;
				GCC_WARN_UNUSED_VARIABLE = YES;
				IPHONEOS_DEPLOYMENT_TARGET = 13.5;
				MTL_ENABLE_DEBUG_INFO = INCLUDE_SOURCE;
				MTL_FAST_MATH = YES;
				ONLY_ACTIVE_ARCH = YES;
				SDKROOT = iphoneos;
				SWIFT_ACTIVE_COMPILATION_CONDITIONS = DEBUG;
				SWIFT_OPTIMIZATION_LEVEL = "-Onone";
			};
			name = Debug;
		};
		2227AC6E24B979A20057C207 /* Release */ = {
			isa = XCBuildConfiguration;
			buildSettings = {
				ALWAYS_SEARCH_USER_PATHS = NO;
				CLANG_ANALYZER_NONNULL = YES;
				CLANG_ANALYZER_NUMBER_OBJECT_CONVERSION = YES_AGGRESSIVE;
				CLANG_CXX_LANGUAGE_STANDARD = "gnu++14";
				CLANG_CXX_LIBRARY = "libc++";
				CLANG_ENABLE_MODULES = YES;
				CLANG_ENABLE_OBJC_ARC = YES;
				CLANG_ENABLE_OBJC_WEAK = YES;
				CLANG_WARN_BLOCK_CAPTURE_AUTORELEASING = YES;
				CLANG_WARN_BOOL_CONVERSION = YES;
				CLANG_WARN_COMMA = YES;
				CLANG_WARN_CONSTANT_CONVERSION = YES;
				CLANG_WARN_DEPRECATED_OBJC_IMPLEMENTATIONS = YES;
				CLANG_WARN_DIRECT_OBJC_ISA_USAGE = YES_ERROR;
				CLANG_WARN_DOCUMENTATION_COMMENTS = YES;
				CLANG_WARN_EMPTY_BODY = YES;
				CLANG_WARN_ENUM_CONVERSION = YES;
				CLANG_WARN_INFINITE_RECURSION = YES;
				CLANG_WARN_INT_CONVERSION = YES;
				CLANG_WARN_NON_LITERAL_NULL_CONVERSION = YES;
				CLANG_WARN_OBJC_IMPLICIT_RETAIN_SELF = YES;
				CLANG_WARN_OBJC_LITERAL_CONVERSION = YES;
				CLANG_WARN_OBJC_ROOT_CLASS = YES_ERROR;
				CLANG_WARN_RANGE_LOOP_ANALYSIS = YES;
				CLANG_WARN_STRICT_PROTOTYPES = YES;
				CLANG_WARN_SUSPICIOUS_MOVE = YES;
				CLANG_WARN_UNGUARDED_AVAILABILITY = YES_AGGRESSIVE;
				CLANG_WARN_UNREACHABLE_CODE = YES;
				CLANG_WARN__DUPLICATE_METHOD_MATCH = YES;
				COPY_PHASE_STRIP = NO;
				DEBUG_INFORMATION_FORMAT = "dwarf-with-dsym";
				ENABLE_NS_ASSERTIONS = NO;
				ENABLE_STRICT_OBJC_MSGSEND = YES;
				GCC_C_LANGUAGE_STANDARD = gnu11;
				GCC_NO_COMMON_BLOCKS = YES;
				GCC_WARN_64_TO_32_BIT_CONVERSION = YES;
				GCC_WARN_ABOUT_RETURN_TYPE = YES_ERROR;
				GCC_WARN_UNDECLARED_SELECTOR = YES;
				GCC_WARN_UNINITIALIZED_AUTOS = YES_AGGRESSIVE;
				GCC_WARN_UNUSED_FUNCTION = YES;
				GCC_WARN_UNUSED_VARIABLE = YES;
				IPHONEOS_DEPLOYMENT_TARGET = 13.5;
				MTL_ENABLE_DEBUG_INFO = NO;
				MTL_FAST_MATH = YES;
				SDKROOT = iphoneos;
				SWIFT_COMPILATION_MODE = wholemodule;
				SWIFT_OPTIMIZATION_LEVEL = "-O";
				VALIDATE_PRODUCT = YES;
			};
			name = Release;
		};
		2227AC7024B979A30057C207 /* Debug */ = {
			isa = XCBuildConfiguration;
			buildSettings = {
				ASSETCATALOG_COMPILER_APPICON_NAME = AppIcon;
				CODE_SIGN_STYLE = Automatic;
				DEVELOPMENT_ASSET_PATHS = "\"BirdUI/Preview Content\"";
				DEVELOPMENT_TEAM = 5JCAK89HM7;
				ENABLE_PREVIEWS = YES;
				INFOPLIST_FILE = BirdUI/Info.plist;
				LD_RUNPATH_SEARCH_PATHS = (
					"$(inherited)",
					"@executable_path/Frameworks",
				);
				PRODUCT_BUNDLE_IDENTIFIER = com.andres.BirdUI;
				PRODUCT_NAME = "$(TARGET_NAME)";
				SWIFT_VERSION = 5.0;
				TARGETED_DEVICE_FAMILY = "1,2";
			};
			name = Debug;
		};
		2227AC7124B979A30057C207 /* Release */ = {
			isa = XCBuildConfiguration;
			buildSettings = {
				ASSETCATALOG_COMPILER_APPICON_NAME = AppIcon;
				CODE_SIGN_STYLE = Automatic;
				DEVELOPMENT_ASSET_PATHS = "\"BirdUI/Preview Content\"";
				DEVELOPMENT_TEAM = 5JCAK89HM7;
				ENABLE_PREVIEWS = YES;
				INFOPLIST_FILE = BirdUI/Info.plist;
				LD_RUNPATH_SEARCH_PATHS = (
					"$(inherited)",
					"@executable_path/Frameworks",
				);
				PRODUCT_BUNDLE_IDENTIFIER = com.andres.BirdUI;
				PRODUCT_NAME = "$(TARGET_NAME)";
				SWIFT_VERSION = 5.0;
				TARGETED_DEVICE_FAMILY = "1,2";
			};
			name = Release;
		};
/* End XCBuildConfiguration section */

/* Begin XCConfigurationList section */
		2227AC5624B9799E0057C207 /* Build configuration list for PBXProject "BirdUI" */ = {
			isa = XCConfigurationList;
			buildConfigurations = (
				2227AC6D24B979A20057C207 /* Debug */,
				2227AC6E24B979A20057C207 /* Release */,
			);
			defaultConfigurationIsVisible = 0;
			defaultConfigurationName = Release;
		};
		2227AC6F24B979A30057C207 /* Build configuration list for PBXNativeTarget "BirdUI" */ = {
			isa = XCConfigurationList;
			buildConfigurations = (
				2227AC7024B979A30057C207 /* Debug */,
				2227AC7124B979A30057C207 /* Release */,
			);
			defaultConfigurationIsVisible = 0;
			defaultConfigurationName = Release;
		};
/* End XCConfigurationList section */
	};
	rootObject = 2227AC5324B9799E0057C207 /* Project object */;
}
